
Microsoft Visual Studio Solution File, Format Version 12.00
# Visual Studio Version 16
VisualStudioVersion = 16.0.31424.327
MinimumVisualStudioVersion = 10.0.40219.1
Project("{9A19103F-16F7-4668-BE54-9A1E7A4F7556}") = "MoodAnalyser", "MoodAnalyser.csproj", "{A88A7415-2F78-4A6A-93AE-4FCACF2D620A}"
EndProject
Project("{FAE04EC0-301F-11D3-BF4B-00C04F79EFBC}") = "MoodAnalyserTesting", "..\MoodAnalyserTesting\MoodAnalyserTesting.csproj", "{DC9EE7C1-2919-40C3-87C7-C833B6687AF2}"
EndProject
Global
	GlobalSection(SolutionConfigurationPlatforms) = preSolution
		Debug|Any CPU = Debug|Any CPU
		Release|Any CPU = Release|Any CPU
	EndGlobalSection
	GlobalSection(ProjectConfigurationPlatforms) = postSolution
		{A88A7415-2F78-4A6A-93AE-4FCACF2D620A}.Debug|Any CPU.ActiveCfg = Debug|Any CPU
		{A88A7415-2F78-4A6A-93AE-4FCACF2D620A}.Debug|Any CPU.Build.0 = Debug|Any CPU
		{A88A7415-2F78-4A6A-93AE-4FCACF2D620A}.Release|Any CPU.ActiveCfg = Release|Any CPU
		{A88A7415-2F78-4A6A-93AE-4FCACF2D620A}.Release|Any CPU.Build.0 = Release|Any CPU
		{DC9EE7C1-2919-40C3-87C7-C833B6687AF2}.Debug|Any CPU.ActiveCfg = Debug|Any CPU
		{DC9EE7C1-2919-40C3-87C7-C833B6687AF2}.Debug|Any CPU.Build.0 = Debug|Any CPU
		{DC9EE7C1-2919-40C3-87C7-C833B6687AF2}.Release|Any CPU.ActiveCfg = Release|Any CPU
		{DC9EE7C1-2919-40C3-87C7-C833B6687AF2}.Release|Any CPU.Build.0 = Release|Any CPU
	EndGlobalSection
	GlobalSection(SolutionProperties) = preSolution
		HideSolutionNode = FALSE
	EndGlobalSection
	GlobalSection(ExtensibilityGlobals) = postSolution
		SolutionGuid = {B71B52EC-1672-47CB-898C-393D907BD635}
	EndGlobalSection
EndGlobal
